{
    "_meta": {
        "hash": {
            "sha256": "7eaba966ffcdeee61342e173c02d64d5cfbd5d46d47eb427f71c82dde5810e1a"
        },
        "pipfile-spec": 6,
        "requires": {
            "python_version": "3.5"
        },
        "sources": [
            {
                "name": "pypi",
                "url": "https://pypi.org/simple",
                "verify_ssl": true
            }
        ]
    },
    "default": {
        "backcall": {
            "hashes": [
                "sha256:38ecd85be2c1e78f77fd91700c76e14667dc21e2713b63876c0eb901196e01e4",
                "sha256:bbbf4b1e5cd2bdb08f915895b51081c041bac22394fdfcfdfbe9f14b77c08bf2"
            ],
            "version": "==0.1.0"
        },
        "bleach": {
            "hashes": [
                "sha256:48d39675b80a75f6d1c3bdbffec791cf0bbbab665cf01e20da701c77de278718",
                "sha256:73d26f018af5d5adcdabf5c1c974add4361a9c76af215fe32fdec8a6fc5fb9b9"
            ],
            "version": "==3.0.2"
        },
        "cvxopt": {
            "hashes": [
                "sha256:0038962d489bb1b2cdbcffad862b7b8394e45ff053b307e9411b2729a98937a6",
                "sha256:00b7e22bdbdc0a4cab8fae7e457b0485fc290a4d750b6aea596ad976b6bb9ac8",
                "sha256:054f269c5caab23bd18e08b4feb8b4acdf506e43d45b0296320cf3a1c6031cdb",
                "sha256:0df19ed2e5150c1f0ca0a7e856fea240f032e17b95afc491e644f24e360217a1",
                "sha256:130976edf89d4be8b948757f585da3bfb9e8a59b57cc2fb748f7494ee9a78f85",
                "sha256:252ae0bb5274c66654bdbe31ad3eb3b09163a1c6ef8326483c58a8c1a25e0a6a",
                "sha256:2c11dbfcb5ef2d46a8444a88ef3e6ccb1fc64472bbab46aa7ec759cdaffc796f",
                "sha256:33ccfe3a18376038fe6bd8d17d99c2bb43acac8932cc96cdcbed758c69523c1c",
                "sha256:46f9486fe768055ee828d7fda604ade2ab45bed5251211356bb519ccc8a16018",
                "sha256:5057dc03f7ff256a50b0863a5fb1401b078589530cda1185c607606cbea19046",
                "sha256:537d6b0545d1ac5e5d4ae6f2f4100e8e3f8208e99b9585c7d63da1abf92842a7",
                "sha256:7c145e7e9128f8f973218fe2d71bfb48e0d5a57c07b248206d2388a65061e6df",
                "sha256:ada6f0e791d482a16c18cd5bf7850d9eaaa464abe6e3fcf9320ebc9f3843390b",
                "sha256:b253f630cffb97c291e43df4f1367b6637965aaa453ef2a3a226887219b7b3b6",
                "sha256:c2362fee8c8803397b68099a033cd895101cec9293a72875b30bd74aff02cc3a",
                "sha256:e2ba0a595d9e02f0225ab3082d1b8edb695dbb472fd59f580a25373eba3686f7",
                "sha256:e71c8b403589355bb4e0a83488fbb0d1d24d25e5afa69bf077765e3799d6ebf7",
                "sha256:eda82bfbe5e74eb0d1f5a753532a21466fbee1775f1eed6a52ee8e08404f4787",
                "sha256:fa321eb13056034ee085e098af5f7c5b0619972f2abbf422561c357a24ac2482",
                "sha256:fdbc3425d44f171485af2fc89f5ac542c8144f725155da966e65b44b5393d905"
            ],
            "index": "pypi",
            "version": "==1.2.2"
        },
        "cycler": {
            "hashes": [
                "sha256:1d8a5ae1ff6c5cf9b93e8811e581232ad8920aeec647c37316ceac982b08cb2d",
                "sha256:cd7b2d1018258d7247a71425e9f26463dfb444d411c39569972f4ce586b0c9d8"
            ],
            "version": "==0.10.0"
        },
        "decorator": {
            "hashes": [
                "sha256:2c51dff8ef3c447388fe5e4453d24a2bf128d3a4c32af3fabef1f01c6851ab82",
                "sha256:c39efa13fbdeb4506c476c9b3babf6a718da943dab7811c206005a4a956c080c"
            ],
            "version": "==4.3.0"
        },
        "defusedxml": {
            "hashes": [
                "sha256:24d7f2f94f7f3cb6061acb215685e5125fbcdc40a857eff9de22518820b0a4f4",
                "sha256:702a91ade2968a82beb0db1e0766a6a273f33d4616a6ce8cde475d8e09853b20"
            ],
            "version": "==0.5.0"
        },
        "entrypoints": {
            "hashes": [
                "sha256:10ad569bb245e7e2ba425285b9fa3e8178a0dc92fc53b1e1c553805e15a8825b",
                "sha256:d2d587dde06f99545fb13a383d2cd336a8ff1f359c5839ce3a64c917d10c029f"
            ],
            "version": "==0.2.3"
        },
        "ipykernel": {
            "hashes": [
                "sha256:0aeb7ec277ac42cc2b59ae3d08b10909b2ec161dc6908096210527162b53675d",
                "sha256:0fc0bf97920d454102168ec2008620066878848fcfca06c22b669696212e292f"
            ],
            "version": "==5.1.0"
        },
        "ipython": {
            "hashes": [
                "sha256:6a9496209b76463f1dec126ab928919aaf1f55b38beb9219af3fe202f6bbdd12",
                "sha256:f69932b1e806b38a7818d9a1e918e5821b685715040b48e59c657b3c7961b742"
            ],
            "markers": "python_version >= '3.3'",
            "version": "==7.2.0"
        },
        "ipython-genutils": {
            "hashes": [
                "sha256:72dd37233799e619666c9f639a9da83c34013a73e8bbc79a7a6348d93c61fab8",
                "sha256:eb2e116e75ecef9d4d228fdc66af54269afa26ab4463042e33785b887c628ba8"
            ],
            "version": "==0.2.0"
        },
        "ipywidgets": {
            "hashes": [
                "sha256:0f2b5cde9f272cb49d52f3f0889fdd1a7ae1e74f37b48dac35a83152780d2b7b",
                "sha256:a3e224f430163f767047ab9a042fc55adbcab0c24bbe6cf9f306c4f89fdf0ba3"
            ],
            "version": "==7.4.2"
        },
        "jedi": {
            "hashes": [
                "sha256:571702b5bd167911fe9036e5039ba67f820d6502832285cde8c881ab2b2149fd",
                "sha256:c8481b5e59d34a5c7c42e98f6625e633f6ef59353abea6437472c7ec2093f191"
            ],
            "version": "==0.13.2"
        },
        "jinja2": {
            "hashes": [
                "sha256:74c935a1b8bb9a3947c50a54766a969d4846290e1e788ea44c1392163723c3bd",
                "sha256:f84be1bb0040caca4cea721fcbbbbd61f9be9464ca236387158b0feea01914a4"
            ],
            "version": "==2.10"
        },
        "jsonschema": {
            "hashes": [
                "sha256:000e68abd33c972a5248544925a0cae7d1125f9bf6c58280d37546b946769a08",
                "sha256:6ff5f3180870836cae40f06fa10419f557208175f13ad7bc26caa77beb1f6e02"
            ],
            "version": "==2.6.0"
        },
        "jupyter": {
            "hashes": [
                "sha256:3e1f86076bbb7c8c207829390305a2b1fe836d471ed54be66a3b8c41e7f46cc7",
                "sha256:5b290f93b98ffbc21c0c7e749f054b3267782166d72fa5e3ed1ed4eaf34a2b78",
                "sha256:d9dc4b3318f310e34c82951ea5d6683f67bed7def4b259fafbfe4f1beb1d8e5f"
            ],
            "version": "==1.0.0"
        },
        "jupyter-client": {
            "hashes": [
                "sha256:b5f9cb06105c1d2d30719db5ffb3ea67da60919fb68deaefa583deccd8813551",
                "sha256:c44411eb1463ed77548bc2d5ec0d744c9b81c4a542d9637c7a52824e2121b987"
            ],
            "version": "==5.2.4"
        },
        "jupyter-console": {
            "hashes": [
                "sha256:308ce876354924fb6c540b41d5d6d08acfc946984bf0c97777c1ddcb42e0b2f5",
                "sha256:cc80a97a5c389cbd30252ffb5ce7cefd4b66bde98219edd16bf5cb6f84bb3568"
            ],
            "version": "==6.0.0"
        },
        "jupyter-core": {
            "hashes": [
                "sha256:927d713ffa616ea11972534411544589976b2493fc7e09ad946e010aa7eb9970",
                "sha256:ba70754aa680300306c699790128f6fbd8c306ee5927976cbe48adacf240c0b7"
            ],
            "version": "==4.4.0"
        },
        "markupsafe": {
            "hashes": [
                "sha256:048ef924c1623740e70204aa7143ec592504045ae4429b59c30054cb31e3c432",
                "sha256:130f844e7f5bdd8e9f3f42e7102ef1d49b2e6fdf0d7526df3f87281a532d8c8b",
                "sha256:19f637c2ac5ae9da8bfd98cef74d64b7e1bb8a63038a3505cd182c3fac5eb4d9",
                "sha256:1b8a7a87ad1b92bd887568ce54b23565f3fd7018c4180136e1cf412b405a47af",
                "sha256:1c25694ca680b6919de53a4bb3bdd0602beafc63ff001fea2f2fc16ec3a11834",
                "sha256:1f19ef5d3908110e1e891deefb5586aae1b49a7440db952454b4e281b41620cd",
                "sha256:1fa6058938190ebe8290e5cae6c351e14e7bb44505c4a7624555ce57fbbeba0d",
                "sha256:31cbb1359e8c25f9f48e156e59e2eaad51cd5242c05ed18a8de6dbe85184e4b7",
                "sha256:3e835d8841ae7863f64e40e19477f7eb398674da6a47f09871673742531e6f4b",
                "sha256:4e97332c9ce444b0c2c38dd22ddc61c743eb208d916e4265a2a3b575bdccb1d3",
                "sha256:525396ee324ee2da82919f2ee9c9e73b012f23e7640131dd1b53a90206a0f09c",
                "sha256:52b07fbc32032c21ad4ab060fec137b76eb804c4b9a1c7c7dc562549306afad2",
                "sha256:52ccb45e77a1085ec5461cde794e1aa037df79f473cbc69b974e73940655c8d7",
                "sha256:5c3fbebd7de20ce93103cb3183b47671f2885307df4a17a0ad56a1dd51273d36",
                "sha256:5e5851969aea17660e55f6a3be00037a25b96a9b44d2083651812c99d53b14d1",
                "sha256:5edfa27b2d3eefa2210fb2f5d539fbed81722b49f083b2c6566455eb7422fd7e",
                "sha256:7d263e5770efddf465a9e31b78362d84d015cc894ca2c131901a4445eaa61ee1",
                "sha256:83381342bfc22b3c8c06f2dd93a505413888694302de25add756254beee8449c",
                "sha256:857eebb2c1dc60e4219ec8e98dfa19553dae33608237e107db9c6078b1167856",
                "sha256:98e439297f78fca3a6169fd330fbe88d78b3bb72f967ad9961bcac0d7fdd1550",
                "sha256:bf54103892a83c64db58125b3f2a43df6d2cb2d28889f14c78519394feb41492",
                "sha256:d9ac82be533394d341b41d78aca7ed0e0f4ba5a2231602e2f05aa87f25c51672",
                "sha256:e982fe07ede9fada6ff6705af70514a52beb1b2c3d25d4e873e82114cf3c5401",
                "sha256:edce2ea7f3dfc981c4ddc97add8a61381d9642dc3273737e756517cc03e84dd6",
                "sha256:efdc45ef1afc238db84cb4963aa689c0408912a0239b0721cb172b4016eb31d6",
                "sha256:f137c02498f8b935892d5c0172560d7ab54bc45039de8805075e19079c639a9c",
                "sha256:f82e347a72f955b7017a39708a3667f106e6ad4d10b25f237396a7115d8ed5fd",
                "sha256:fb7c206e01ad85ce57feeaaa0bf784b97fa3cad0d4a5737bc5295785f5c613a1"
            ],
            "version": "==1.1.0"
        },
        "matplotlib": {
            "hashes": [
                "sha256:09ac1bde82673bfb4f1cb9ebd7fe258b29400f1be8914cb0891eca62a99cf7e6",
                "sha256:0c4a0cb10972b18049acde76e4611bcda0fa288a199a5f2c3c6f21ab208010cf",
                "sha256:2452beef35840bdd9c3f613fc112ce6eb449cabca2bcb8a3f0d7eedd8e11d85d",
                "sha256:295d2b135cb4d546fbb4b4d0b8d62d2132436adcf86221ece1d0bd4a3522128c",
                "sha256:2cc12ea94d80990e454a67ce829dc084bbdbfd0c95ed1f527dbd64688f184acd",
                "sha256:31662334a4485455167072f80c57d2d2ef9ada4b93197b4851ceacee7269cb17",
                "sha256:59736af4bed61af336da60b8e97b700e695ffae9af08941c83e37ab0de3f151a",
                "sha256:710bfe01633a4b734742163187bae99399de9f2c46cb6b40bd79b51467f7ba36",
                "sha256:725a3f12739d133adfa381e1b33bd70c6f64db453bfc536e148824816e568894",
                "sha256:932ca62fb7c4edc377d6f0078995a1c004b7e4e9982a025e7022eb5eb1fc33ba",
                "sha256:97b9b56bbfce43deefbc2a089fa4afa8887e84041f17b090ac3d9f90a9e8e745",
                "sha256:9a87c1c8f195f0908b599268332608e5024b34cdd07375c68c15ac24b2a93a4e",
                "sha256:ad987a871682d34d44a941cc47bf12f60e7866be7133498c432fb3d6fa3be651",
                "sha256:adde3c9eb2145e5597a593877aea456e0bfe37f46cb3534caacce61b603c451a",
                "sha256:ae091625121ff5bf31515332ee604c90b55f9e6f6a02ac7160e5199f0422a211",
                "sha256:fb96735f76d5975e09eedc3502e9ff63dbe0c04aef312d0d6048a97f7993e667",
                "sha256:fe5f8487aa872164a80b0c491f1110d4e2125391933caf17cae0a86df7950a72",
                "sha256:fe8d2e29753fbbc1923e18e80487f09fdc01f270ff44da7156f147a3075876c0"
            ],
            "index": "pypi",
            "version": "==2.1.2"
        },
        "mistune": {
            "hashes": [
                "sha256:59a3429db53c50b5c6bcc8a07f8848cb00d7dc8bdb431a4ab41920d201d4756e",
                "sha256:88a1051873018da288eee8538d476dffe1262495144b33ecb586c4ab266bb8d4"
            ],
            "version": "==0.8.4"
        },
        "mpmath": {
            "hashes": [
                "sha256:fc17abe05fbab3382b61a123c398508183406fa132e0223874578e20946499f6"
            ],
            "version": "==1.1.0"
        },
        "nbconvert": {
            "hashes": [
                "sha256:08d21cf4203fabafd0d09bbd63f06131b411db8ebeede34b0fd4be4548351779",
                "sha256:a8a2749f972592aa9250db975304af6b7337f32337e523a2c995cc9e12c07807"
            ],
            "version": "==5.4.0"
        },
        "nbformat": {
            "hashes": [
                "sha256:b9a0dbdbd45bb034f4f8893cafd6f652ea08c8c1674ba83f2dc55d3955743b0b",
                "sha256:f7494ef0df60766b7cabe0a3651556345a963b74dbc16bc7c18479041170d402"
            ],
            "version": "==4.4.0"
        },
        "networkx": {
            "hashes": [
                "sha256:64272ca418972b70a196cb15d9c85a5a6041f09a2f32e0d30c0255f25d458bb1"
            ],
            "index": "pypi",
            "version": "==2.1"
        },
        "notebook": {
            "hashes": [
                "sha256:3ab2db8bc10e6edbd264c3c4b800bee276c99818386ee0c146d98d7e6bcf0a67",
                "sha256:d908673a4010787625c8952e91a22adf737db031f2aa0793ad92f6558918a74a"
            ],
            "version": "==5.7.4"
        },
        "numpy": {
            "hashes": [
                "sha256:09b87d652c03508447d0f618e1d3ae57595acd3e0f0c11ac91bf68ed7bdb3a28",
                "sha256:11fcbed36c101a3b9c4636e791efccba82409ebbedaba938c97be8bdddd029cc",
                "sha256:2875e8055a1ea8d933b1c9d0f8714c0aa11c097bfadfcb8564c4d868fbf09a41",
                "sha256:36ee86d5adbabc4fa2643a073f93d5504bdfed37a149a3a49f4dde259f35a750",
                "sha256:479863de17f66810db00bccf35289555365da45d3b053ccf539b95ab3b9c24f6",
                "sha256:4c767b6d9c9a071bb36ea34eb240ee5192fe0bc4c13be5e6c51e0350a30f7ac0",
                "sha256:539345898a4ae17421c159ae2a350901a5e6ce3da8f24168c6c67b3536e13de8",
                "sha256:62b09f3d1ea01d79c16a6642cb21599f53b9338c59971b2418a573155d2202ec",
                "sha256:6c6feb0647380db6e1d5d49ef9fb59c42240f25fb8df8b6e82ecb436c7e0621a",
                "sha256:7dfa5b49fb2a080bd0d39bfbcff1177bacb14fcb28c857fd65fd0c18938935de",
                "sha256:8969c8f987f8bcc3e30c014532cfc20e4a8f86a50c361596e086310853adacb7",
                "sha256:910e7ae5eeee8d322775187692c5c66719cd58d230fbfd57245ea3cf75716910",
                "sha256:929928932f91082a168e36984179deddd58f8e98822ad2f33a2955d7c4eec596",
                "sha256:9cad35b911e150f00bb8080950c7e9f172714bbd0234f5ab74b4e3e2d9288b37",
                "sha256:b162c6b044960b4ea0f42be049ce2af1d18c60f82748f0a27bd5ad182a731bf3",
                "sha256:b2f98838f4bbc3bf23af7e97ffcad18a2dc6bbb0726796781e02b9347af6685f",
                "sha256:c4b1914d86c43399438518a2ac8bcba2fb64dd5a18efddded3783b9daae70933",
                "sha256:c8dc6aa96882df6323bf9545934e37c6e05959bd789ae4b14d50509b093907aa",
                "sha256:d29e72413b66df23c75b9b469253c823698ea2e00f58e9e0df64b7a50696e8ac",
                "sha256:da2f47e46d7a93b73891d1981378717dc73c6ad5cc4fd23c934bfea7847fa958",
                "sha256:e8e0e75db757e41463888939d26c8058b4ecd25e563c597e9119f512dc0ee1da",
                "sha256:f5c9ca457057cd5e12ddab36cded8b1f38bf1f45bf550d4ca2839b11ec57f597",
                "sha256:fa656dccfa9141774440575a6e7875d08b93f4a332eb5ae40877b26bed291c01"
            ],
            "index": "pypi",
            "version": "==1.13.3"
        },
        "pandocfilters": {
            "hashes": [
                "sha256:b3dd70e169bb5449e6bc6ff96aea89c5eea8c5f6ab5e207fc2f521a2cf4a0da9"
            ],
            "version": "==1.4.2"
        },
        "parso": {
            "hashes": [
                "sha256:35704a43a3c113cce4de228ddb39aab374b8004f4f2407d070b6a2ca784ce8a2",
                "sha256:895c63e93b94ac1e1690f5fdd40b65f07c8171e3e53cbd7793b5b96c0e0a7f24"
            ],
            "version": "==0.3.1"
        },
        "pexpect": {
            "hashes": [
                "sha256:2a8e88259839571d1251d278476f3eec5db26deb73a70be5ed5dc5435e418aba",
                "sha256:3fbd41d4caf27fa4a377bfd16fef87271099463e6fa73e92a52f92dfee5d425b"
            ],
            "markers": "sys_platform != 'win32'",
            "version": "==4.6.0"
        },
        "pickleshare": {
            "hashes": [
                "sha256:87683d47965c1da65cdacaf31c8441d12b8044cdec9aca500cd78fc2c683afca",
                "sha256:9649af414d74d4df115d5d718f82acb59c9d418196b7b4290ed47a12ce62df56"
            ],
            "version": "==0.7.5"
        },
        "picos": {
            "hashes": [
                "sha256:69683304159e2e16b9ee96d1ab237f12265171fef72db846dcb6677347058f28"
            ],
            "index": "pypi",
            "version": "==1.1.2"
        },
        "prometheus-client": {
            "hashes": [
                "sha256:e8c11ff5ca53de6c3d91e1510500611cafd1d247a937ec6c588a0a7cc3bef93c"
            ],
            "version": "==0.5.0"
        },
        "prompt-toolkit": {
            "hashes": [
                "sha256:c1d6aff5252ab2ef391c2fe498ed8c088066f66bc64a8d5c095bbf795d9fec34",
                "sha256:d4c47f79b635a0e70b84fdb97ebd9a274203706b1ee5ed44c10da62755cf3ec9",
                "sha256:fd17048d8335c1e6d5ee403c3569953ba3eb8555d710bfc548faf0712666ea39"
            ],
            "version": "==2.0.7"
        },
        "ptyprocess": {
            "hashes": [
                "sha256:923f299cc5ad920c68f2bc0bc98b75b9f838b93b599941a6b63ddbc2476394c0",
                "sha256:d7cc528d76e76342423ca640335bd3633420dc1366f258cb31d05e865ef5ca1f"
            ],
            "markers": "os_name != 'nt'",
            "version": "==0.6.0"
        },
        "pulp": {
            "hashes": [
                "sha256:cfecd6a78c2b08539dc29b7e8281f43d729b1089bdb5e491c3c0956aadbb3fc7"
            ],
            "index": "pypi",
            "version": "==1.6.8"
        },
        "pycddlib": {
            "hashes": [
                "sha256:26c187aeb46ff57af958daa1d81616a79d4c3710ae7d1ce681c04f72cdcfddfc",
                "sha256:393dcbd37550a7fa869034c1cfc63e28f9d029c9a57f8841601eaf570aebc6c8",
                "sha256:4a3418bd5f5e897876062feb3021cf80af0b3f9663d45c7596a4e198594353fb",
                "sha256:924d46252c354b5420c176ae5e66e5ee1da7d059bd95bb290fff104972d9b0d6",
                "sha256:a5c9dea56b1e1ba65963e4145db9fd638c7ddf6b8d4b81882d3caaa648832615",
                "sha256:aac410a57bd4c439872c653ef32ab748c50020b7c1d2279d8cffb5ee3e2e34f6",
                "sha256:dfd6002277e97b03e9d981437acb0c841bc719a147b8b9677c94a9bc9f55ca32",
                "sha256:e0f0030fe9b375196b66e9e83217abe0476ca1c8d9faf59b1e66cfad66fa1b79",
                "sha256:e59ff960372504aa051353ccbd82b25d0199da662342b5bcd6b09b8f4dc290ae",
                "sha256:ebf9a298f3860eab8e83a72d62e9bc26ef26ff9004ab7579dec8b136ae405884",
                "sha256:eea63934e91ed14e2f74bf919b832f169b31177467ff1494006e1c13782441d9"
            ],
            "index": "pypi",
            "version": "==2.1.0"
        },
        "pygments": {
            "hashes": [
                "sha256:5ffada19f6203563680669ee7f53b64dabbeb100eb51b61996085e99c03b284a",
                "sha256:e8218dd399a61674745138520d0d4cf2621d7e032439341bc3f647bff125818d"
            ],
            "version": "==2.3.1"
        },
        "pyparsing": {
            "hashes": [
                "sha256:40856e74d4987de5d01761a22d1621ae1c7f8774585acae358aa5c5936c6c90b",
                "sha256:f353aab21fd474459d97b709e527b5571314ee5f067441dc9f88e33eecd96592"
            ],
            "version": "==2.3.0"
        },
        "python-dateutil": {
            "hashes": [
                "sha256:063df5763652e21de43de7d9e00ccf239f953a832941e37be541614732cdfc93",
                "sha256:88f9287c0174266bb0d8cedd395cfba9c58e87e5ad86b2ce58859bc11be3cf02"
            ],
            "version": "==2.7.5"
        },
        "pytz": {
            "hashes": [
                "sha256:31cb35c89bd7d333cd32c5f278fca91b523b0834369e757f4c5641ea252236ca",
                "sha256:8e0f8568c118d3077b46be7d654cc8167fa916092e28320cde048e54bfc9f1e6"
            ],
            "version": "==2018.7"
        },
        "pyzmq": {
            "hashes": [
                "sha256:25a0715c8f69cf72f67cfe5a68a3f3ed391c67c063d2257bec0fe7fc2c7f08f8",
                "sha256:2bab63759632c6b9e0d5bf19cc63c3b01df267d660e0abcf230cf0afaa966349",
                "sha256:30ab49d99b24bf0908ebe1cdfa421720bfab6f93174e4883075b7ff38cc555ba",
                "sha256:32c7ca9fc547a91e3c26fc6080b6982e46e79819e706eb414dd78f635a65d946",
                "sha256:41219ae72b3cc86d97557fe5b1ef5d1adc1057292ec597b50050874a970a39cf",
                "sha256:4b8c48a9a13cea8f1f16622f9bd46127108af14cd26150461e3eab71e0de3e46",
                "sha256:55724997b4a929c0d01b43c95051318e26ddbae23565018e138ae2dc60187e59",
                "sha256:65f0a4afae59d4fc0aad54a917ab599162613a761b760ba167d66cc646ac3786",
                "sha256:6f88591a8b246f5c285ee6ce5c1bf4f6bd8464b7f090b1333a446b6240a68d40",
                "sha256:75022a4c60dcd8765bb9ca32f6de75a0ec83b0d96e0309dc479f4c7b21f26cb7",
                "sha256:76ea493bfab18dcb090d825f3662b5612e2def73dffc196d51a5194b0294a81d",
                "sha256:7b60c045b80709e4e3c085bab9b691e71761b44c2b42dbb047b8b498e7bc16b3",
                "sha256:8e6af2f736734aef8ed6f278f9f552ec7f37b1a6b98e59b887484a840757f67d",
                "sha256:9ac2298e486524331e26390eac14e4627effd3f8e001d4266ed9d8f1d2d31cce",
                "sha256:9ba650f493a9bc1f24feca1d90fce0e5dd41088a252ac9840131dfbdbf3815ca",
                "sha256:a02a4a385e394e46012dc83d2e8fd6523f039bb52997c1c34a2e0dd49ed839c1",
                "sha256:a3ceee84114d9f5711fa0f4db9c652af0e4636c89eabc9b7f03a3882569dd1ed",
                "sha256:a72b82ac1910f2cf61a49139f4974f994984475f771b0faa730839607eeedddf",
                "sha256:ab136ac51027e7c484c53138a0fab4a8a51e80d05162eb7b1585583bcfdbad27",
                "sha256:c095b224300bcac61e6c445e27f9046981b1ac20d891b2f1714da89d34c637c8",
                "sha256:c5cc52d16c06dc2521340d69adda78a8e1031705924e103c0eb8fc8af861d810",
                "sha256:d612e9833a89e8177f8c1dc68d7b4ff98d3186cd331acd616b01bbdab67d3a7b",
                "sha256:e828376a23c66c6fe90dcea24b4b72cd774f555a6ee94081670872918df87a19",
                "sha256:e9767c7ab2eb552796440168d5c6e23a99ecaade08dda16266d43ad461730192",
                "sha256:ebf8b800d42d217e4710d1582b0c8bff20cdcb4faad7c7213e52644034300924"
            ],
            "version": "==17.1.2"
        },
        "qtconsole": {
            "hashes": [
                "sha256:1ac4a65e81a27b0838330a6d351c2f8435d4013d98a95373e8a41119b2968390",
                "sha256:bc1ba15f50c29ed50f1268ad823bb6543be263c18dd093b80495e9df63b003ac"
            ],
            "version": "==4.4.3"
        },
        "scipy": {
            "hashes": [
                "sha256:023ee29faa76c184a607e21076f097dc32f3abba7c71ece374588f95920aa993",
                "sha256:1e8fedf602859b541ebae78667ccfc53158edef58d9ee19ee659309004565952",
                "sha256:2a26d06a642e3c9107ca06df125f5dc5507abe2b87fd7865415d03ab654b0b43",
                "sha256:2a3b6ceadbb58d8b8d4a329f8219f9e6f17757ec6c85baf03987bbd2b728c263",
                "sha256:2c9e87d556b83a8e11de7a064856c3997bbaff7f9cf62bf63ff0623751549e4c",
                "sha256:2dc9bcfaa585d9d941fb1add0d160556fe8587c3800264a77643695565a2d279",
                "sha256:4118647273c907ed984da52b71fa2bbb30229f1820fb79b1ed087c8bc9a20cca",
                "sha256:4c26ef44e8bb2cd2aef11c60d163caa04670d6f42996789b209526677310ded2",
                "sha256:4de84e3870228e8afd55a6e63e762aa7c9d1e3bd9a9ef5ab716835a69c77d257",
                "sha256:78713101b32af384c564837fd7ae665a2a72cb6d49edbd8f32148d74724a65a8",
                "sha256:909be30bdd1d8cd57609760ea72a1499543169ed6ea5c66fad50946582682cf8",
                "sha256:93825cc80c638d901099f657dfff852ad2421beb51cb7d1d3f91157741ebe287",
                "sha256:a19a2ca7a7336495ec180adeaa0dfdcf41e96dbbee90d51c3ed828ba570884e6",
                "sha256:b3e97be2cd9f052d984fc5ba2d441897971b744c64d658617944c47bc366f8ff",
                "sha256:b87a923ed390ba0aafcbbcc6f0e023d495f19d2bd22ae59bdef3b0aec6485b39"
            ],
            "index": "pypi",
            "version": "==0.19.1"
        },
        "send2trash": {
            "hashes": [
                "sha256:60001cc07d707fe247c94f74ca6ac0d3255aabcb930529690897ca2a39db28b2",
                "sha256:f1691922577b6fa12821234aeb57599d887c4900b9ca537948d2dac34aea888b"
            ],
            "version": "==1.5.0"
        },
        "six": {
            "hashes": [
                "sha256:3350809f0555b11f552448330d0b52d5f24c91a322ea4a15ef22629740f3761c",
                "sha256:d16a0141ec1a18405cd4ce8b4613101da75da0e9a7aec5bdd4fa804d0e0eba73"
            ],
            "version": "==1.12.0"
        },
        "sympy": {
            "hashes": [
                "sha256:ac5b57691bc43919dcc21167660a57cc51797c28a4301a6144eff07b751216a4"
            ],
            "index": "pypi",
            "version": "==1.1.1"
        },
        "terminado": {
            "hashes": [
                "sha256:55abf9ade563b8f9be1f34e4233c7b7bde726059947a593322e8a553cc4c067a",
                "sha256:65011551baff97f5414c67018e908110693143cfbaeb16831b743fe7cad8b927"
            ],
            "version": "==0.8.1"
        },
        "testpath": {
            "hashes": [
                "sha256:46c89ebb683f473ffe2aab0ed9f12581d4d078308a3cb3765d79c6b2317b0109",
                "sha256:b694b3d9288dbd81685c5d2e7140b81365d46c29f5db4bc659de5aa6b98780f8"
            ],
            "version": "==0.4.2"
        },
        "tornado": {
            "hashes": [
                "sha256:0662d28b1ca9f67108c7e3b77afabfb9c7e87bde174fbda78186ecedc2499a9d",
                "sha256:4e5158d97583502a7e2739951553cbd88a72076f152b4b11b64b9a10c4c49409",
                "sha256:732e836008c708de2e89a31cb2fa6c0e5a70cb60492bee6f1ea1047500feaf7f",
                "sha256:8154ec22c450df4e06b35f131adc4f2f3a12ec85981a203301d310abf580500f",
                "sha256:8e9d728c4579682e837c92fdd98036bd5cdefa1da2aaf6acf26947e6dd0c01c5",
                "sha256:d4b3e5329f572f055b587efc57d29bd051589fb5a43ec8898c77a47ec2fa2bbb",
                "sha256:e5f2585afccbff22390cddac29849df463b252b711aa2ce7c5f3f342a5b3b444"
            ],
            "version": "==5.1.1"
        },
        "traitlets": {
            "hashes": [
                "sha256:9c4bd2d267b7153df9152698efb1050a5d84982d3384a37b2c1f7723ba3e7835",
                "sha256:c6cb5e6f57c5a9bdaa40fa71ce7b4af30298fbab9ece9815b5d995ab6217c7d9"
            ],
            "version": "==4.3.2"
        },
        "vpnotebook": {
            "hashes": [
                "sha256:f10568305d1da67f4bc80941805e76edaecda8d8e00060856e2b141cfd8341cc"
            ],
            "version": "==0.1.3"
        },
        "vpython": {
            "hashes": [
                "sha256:04cef8c79251549f137dc4e29abd5afb77215a2aa0bc55cf2e7446258f83c726",
                "sha256:1df0f86315298ba559798c432f5d9c53991f1f2d8d523ce0f883e3b0173518bf",
                "sha256:41c23d668eab8b3c72f6c08a055161e2c4e127b3d9ed812f3045070e25bd5a1e",
                "sha256:5aa25666d1f869fa60335480039fd9cd7f0ce987a65ebbb3e7e505f358437fd3",
                "sha256:736eb2961227f27dc94662b36fa800b0bb362f67f9817250a564316b6933c067",
                "sha256:7a78874e5ccc021d0874f4c0a29335b42f7c895c6719c1ea8aa9e63b582fe715",
                "sha256:8846e5a3ffc24c4979d302c142efb44706c52e2ea2f0a02d5b2a97aadac7fd9c",
                "sha256:964a1ea216c947c99ae7955aea75ae6182ac90bf8fafb8eab7a6ba99079d926b",
                "sha256:968d1c984a9ad65279dcf8c535b134091951864ef1b6c71d579f8407593a30d8",
                "sha256:b3af2e2eaecd2d45e8c2e6fab1a1679a93038790cee42828793dd4e8715b8efc",
                "sha256:c32484b88bfa7ff91345ff9b57430a1768b456f33e232b5e77270625a98aa776",
                "sha256:ce47bf0533a8fd26e2a87bdee670f30d77211f8a9a6a2f4f336086b4509e495f",
                "sha256:d2662712ffea7dd887e18cdd61d9b863172ced406530b629052e90fc6dab20eb"
            ],
            "index": "pypi",
            "version": "==7.3.2"
        },
        "wcwidth": {
            "hashes": [
                "sha256:3df37372226d6e63e1b1e1eda15c594bca98a22d33a23832a90998faa96bc65e",
                "sha256:f4ebe71925af7b40a864553f761ed559b43544f8f71746c2d756c7fe788ade7c"
            ],
            "version": "==0.1.7"
        },
        "webencodings": {
            "hashes": [
                "sha256:a0af1213f3c2226497a97e2b3aa01a7e4bee4f403f95be16fc9acd2947514a78",
                "sha256:b36a1c245f2d304965eb4e0a82848379241dc04b865afcc4aab16748587e1923"
            ],
            "version": "==0.5.1"
        },
        "widgetsnbextension": {
            "hashes": [
                "sha256:14b2c65f9940c9a7d3b70adbe713dbd38b5ec69724eebaba034d1036cf3d4740",
                "sha256:fa618be8435447a017fd1bf2c7ae922d0428056cfc7449f7a8641edf76b48265"
            ],
            "version": "==3.4.2"
        }
    },
    "develop": {}
}
